
Microsoft Visual Studio Solution File, Format Version 12.00
Project("{FAE04EC0-301F-11D3-BF4B-00C04F79EFBC}") = "OpenLibraryServer.Web", "OpenLibraryServer.Web\OpenLibraryServer.Web.csproj", "{B3E962C2-3347-4F2C-A430-8298E8C26844}"
EndProject
Project("{FAE04EC0-301F-11D3-BF4B-00C04F79EFBC}") = "OpenLibraryServer.Models", "OpenLibraryServer.Models\OpenLibraryServer.Models.csproj", "{5CFD4893-61C5-4DFF-A189-2153F6937AB2}"
EndProject
Project("{FAE04EC0-301F-11D3-BF4B-00C04F79EFBC}") = "OpenLibraryServer.Service", "OpenLibraryServer.Service\OpenLibraryServer.Service.csproj", "{BA6C04F6-58B4-4DF5-9275-10390E66D9FE}"
EndProject
Project("{FAE04EC0-301F-11D3-BF4B-00C04F79EFBC}") = "OpenLibraryServer.DataAccess", "OpenLibraryServer.DataAccess\OpenLibraryServer.DataAccess.csproj", "{8683A3C8-2B2D-4A3E-BFCB-611D7C76C355}"
EndProject
Global
	GlobalSection(SolutionConfigurationPlatforms) = preSolution
		Debug|Any CPU = Debug|Any CPU
		Release|Any CPU = Release|Any CPU
	EndGlobalSection
	GlobalSection(ProjectConfigurationPlatforms) = postSolution
		{B3E962C2-3347-4F2C-A430-8298E8C26844}.Debug|Any CPU.ActiveCfg = Debug|Any CPU
		{B3E962C2-3347-4F2C-A430-8298E8C26844}.Debug|Any CPU.Build.0 = Debug|Any CPU
		{B3E962C2-3347-4F2C-A430-8298E8C26844}.Release|Any CPU.ActiveCfg = Release|Any CPU
		{B3E962C2-3347-4F2C-A430-8298E8C26844}.Release|Any CPU.Build.0 = Release|Any CPU
		{5CFD4893-61C5-4DFF-A189-2153F6937AB2}.Debug|Any CPU.ActiveCfg = Debug|Any CPU
		{5CFD4893-61C5-4DFF-A189-2153F6937AB2}.Debug|Any CPU.Build.0 = Debug|Any CPU
		{5CFD4893-61C5-4DFF-A189-2153F6937AB2}.Release|Any CPU.ActiveCfg = Release|Any CPU
		{5CFD4893-61C5-4DFF-A189-2153F6937AB2}.Release|Any CPU.Build.0 = Release|Any CPU
		{BA6C04F6-58B4-4DF5-9275-10390E66D9FE}.Debug|Any CPU.ActiveCfg = Debug|Any CPU
		{BA6C04F6-58B4-4DF5-9275-10390E66D9FE}.Debug|Any CPU.Build.0 = Debug|Any CPU
		{BA6C04F6-58B4-4DF5-9275-10390E66D9FE}.Release|Any CPU.ActiveCfg = Release|Any CPU
		{BA6C04F6-58B4-4DF5-9275-10390E66D9FE}.Release|Any CPU.Build.0 = Release|Any CPU
		{8683A3C8-2B2D-4A3E-BFCB-611D7C76C355}.Debug|Any CPU.ActiveCfg = Debug|Any CPU
		{8683A3C8-2B2D-4A3E-BFCB-611D7C76C355}.Debug|Any CPU.Build.0 = Debug|Any CPU
		{8683A3C8-2B2D-4A3E-BFCB-611D7C76C355}.Release|Any CPU.ActiveCfg = Release|Any CPU
		{8683A3C8-2B2D-4A3E-BFCB-611D7C76C355}.Release|Any CPU.Build.0 = Release|Any CPU
	EndGlobalSection
EndGlobal
